// !$*UTF8*$!
{
	archiveVersion = 1;
	classes = {
	};
	objectVersion = 46;
	objects = {

/* Begin PBXBuildFile section */
		CFE1AF9A1B4D9998007ADDC7 /* main.m in Sources */ = {isa = PBXBuildFile; fileRef = CFE1AF991B4D9998007ADDC7 /* main.m */; };
		CFE1AF9D1B4D9998007ADDC7 /* AppDelegate.m in Sources */ = {isa = PBXBuildFile; fileRef = CFE1AF9C1B4D9998007ADDC7 /* AppDelegate.m */; };
		CFE1AFA01B4D9998007ADDC7 /* ViewController.m in Sources */ = {isa = PBXBuildFile; fileRef = CFE1AF9F1B4D9998007ADDC7 /* ViewController.m */; };
		CFE1AFA31B4D9998007ADDC7 /* Main.storyboard in Resources */ = {isa = PBXBuildFile; fileRef = CFE1AFA11B4D9998007ADDC7 /* Main.storyboard */; };
		CFE1AFA51B4D9998007ADDC7 /* Images.xcassets in Resources */ = {isa = PBXBuildFile; fileRef = CFE1AFA41B4D9998007ADDC7 /* Images.xcassets */; };
		CFE1AFA81B4D9998007ADDC7 /* LaunchScreen.xib in Resources */ = {isa = PBXBuildFile; fileRef = CFE1AFA61B4D9998007ADDC7 /* LaunchScreen.xib */; };
		CFE1AFB41B4D9999007ADDC7 /* YouTubeAPITests.m in Sources */ = {isa = PBXBuildFile; fileRef = CFE1AFB31B4D9999007ADDC7 /* YouTubeAPITests.m */; };
/* End PBXBuildFile section */

/* Begin PBXContainerItemProxy section */
		CFE1AFAE1B4D9999007ADDC7 /* PBXContainerItemProxy */ = {
			isa = PBXContainerItemProxy;
			containerPortal = CFE1AF8C1B4D9998007ADDC7 /* Project object */;
			proxyType = 1;
			remoteGlobalIDString = CFE1AF931B4D9998007ADDC7;
			remoteInfo = YouTubeAPI;
		};
/* End PBXContainerItemProxy section */

/* Begin PBXFileReference section */
		CFE1AF941B4D9998007ADDC7 /* YouTubeAPI.app */ = {isa = PBXFileReference; explicitFileType = wrapper.application; includeInIndex = 0; path = YouTubeAPI.app; sourceTree = BUILT_PRODUCTS_DIR; };
		CFE1AF981B4D9998007ADDC7 /* Info.plist */ = {isa = PBXFileReference; lastKnownFileType = text.plist.xml; path = Info.plist; sourceTree = "<group>"; };
		CFE1AF991B4D9998007ADDC7 /* main.m */ = {isa = PBXFileReference; lastKnownFileType = sourcecode.c.objc; path = main.m; sourceTree = "<group>"; };
		CFE1AF9B1B4D9998007ADDC7 /* AppDelegate.h */ = {isa = PBXFileReference; lastKnownFileType = sourcecode.c.h; path = AppDelegate.h; sourceTree = "<group>"; };
		CFE1AF9C1B4D9998007ADDC7 /* AppDelegate.m */ = {isa = PBXFileReference; lastKnownFileType = sourcecode.c.objc; path = AppDelegate.m; sourceTree = "<group>"; };
		CFE1AF9E1B4D9998007ADDC7 /* ViewController.h */ = {isa = PBXFileReference; lastKnownFileType = sourcecode.c.h; path = ViewController.h; sourceTree = "<group>"; };
		CFE1AF9F1B4D9998007ADDC7 /* ViewController.m */ = {isa = PBXFileReference; lastKnownFileType = sourcecode.c.objc; path = ViewController.m; sourceTree = "<group>"; };
		CFE1AFA21B4D9998007ADDC7 /* Base */ = {isa = PBXFileReference; lastKnownFileType = file.storyboard; name = Base; path = Base.lproj/Main.storyboard; sourceTree = "<group>"; };
		CFE1AFA41B4D9998007ADDC7 /* Images.xcassets */ = {isa = PBXFileReference; lastKnownFileType = folder.assetcatalog; path = Images.xcassets; sourceTree = "<group>"; };
		CFE1AFA71B4D9998007ADDC7 /* Base */ = {isa = PBXFileReference; lastKnownFileType = file.xib; name = Base; path = Base.lproj/LaunchScreen.xib; sourceTree = "<group>"; };
		CFE1AFAD1B4D9999007ADDC7 /* YouTubeAPITests.xctest */ = {isa = PBXFileReference; explicitFileType = wrapper.cfbundle; includeInIndex = 0; path = YouTubeAPITests.xctest; sourceTree = BUILT_PRODUCTS_DIR; };
		CFE1AFB21B4D9999007ADDC7 /* Info.plist */ = {isa = PBXFileReference; lastKnownFileType = text.plist.xml; path = Info.plist; sourceTree = "<group>"; };
		CFE1AFB31B4D9999007ADDC7 /* YouTubeAPITests.m */ = {isa = PBXFileReference; lastKnownFileType = sourcecode.c.objc; path = YouTubeAPITests.m; sourceTree = "<group>"; };
/* End PBXFileReference section */

/* Begin PBXFrameworksBuildPhase section */
		CFE1AF911B4D9998007ADDC7 /* Frameworks */ = {
			isa = PBXFrameworksBuildPhase;
			buildActionMask = 2147483647;
			files = (
			);
			runOnlyForDeploymentPostprocessing = 0;
		};
		CFE1AFAA1B4D9999007ADDC7 /* Frameworks */ = {
			isa = PBXFrameworksBuildPhase;
			buildActionMask = 2147483647;
			files = (
			);
			runOnlyForDeploymentPostprocessing = 0;
		};
/* End PBXFrameworksBuildPhase section */

/* Begin PBXGroup section */
		CFE1AF8B1B4D9998007ADDC7 = {
			isa = PBXGroup;
			children = (
				CFE1AF961B4D9998007ADDC7 /* YouTubeAPI */,
				CFE1AFB01B4D9999007ADDC7 /* YouTubeAPITests */,
				CFE1AF951B4D9998007ADDC7 /* Products */,
			);
			sourceTree = "<group>";
		};
		CFE1AF951B4D9998007ADDC7 /* Products */ = {
			isa = PBXGroup;
			children = (
				CFE1AF941B4D9998007ADDC7 /* YouTubeAPI.app */,
				CFE1AFAD1B4D9999007ADDC7 /* YouTubeAPITests.xctest */,
			);
			name = Products;
			sourceTree = "<group>";
		};
		CFE1AF961B4D9998007ADDC7 /* YouTubeAPI */ = {
			isa = PBXGroup;
			children = (
				CFE1AF9B1B4D9998007ADDC7 /* AppDelegate.h */,
				CFE1AF9C1B4D9998007ADDC7 /* AppDelegate.m */,
				CFE1AF9E1B4D9998007ADDC7 /* ViewController.h */,
				CFE1AF9F1B4D9998007ADDC7 /* ViewController.m */,
				CFE1AFA11B4D9998007ADDC7 /* Main.storyboard */,
				CFE1AFA41B4D9998007ADDC7 /* Images.xcassets */,
				CFE1AFA61B4D9998007ADDC7 /* LaunchScreen.xib */,
				CFE1AF971B4D9998007ADDC7 /* Supporting Files */,
			);
			path = YouTubeAPI;
			sourceTree = "<group>";
		};
		CFE1AF971B4D9998007ADDC7 /* Supporting Files */ = {
			isa = PBXGroup;
			children = (
				CFE1AF981B4D9998007ADDC7 /* Info.plist */,
				CFE1AF991B4D9998007ADDC7 /* main.m */,
			);
			name = "Supporting Files";
			sourceTree = "<group>";
		};
		CFE1AFB01B4D9999007ADDC7 /* YouTubeAPITests */ = {
			isa = PBXGroup;
			children = (
				CFE1AFB31B4D9999007ADDC7 /* YouTubeAPITests.m */,
				CFE1AFB11B4D9999007ADDC7 /* Supporting Files */,
			);
			path = YouTubeAPITests;
			sourceTree = "<group>";
		};
		CFE1AFB11B4D9999007ADDC7 /* Supporting Files */ = {
			isa = PBXGroup;
			children = (
				CFE1AFB21B4D9999007ADDC7 /* Info.plist */,
			);
			name = "Supporting Files";
			sourceTree = "<group>";
		};
/* End PBXGroup section */

/* Begin PBXNativeTarget section */
		CFE1AF931B4D9998007ADDC7 /* YouTubeAPI */ = {
			isa = PBXNativeTarget;
			buildConfigurationList = CFE1AFB71B4D9999007ADDC7 /* Build configuration list for PBXNativeTarget "YouTubeAPI" */;
			buildPhases = (
				CFE1AF901B4D9998007ADDC7 /* Sources */,
				CFE1AF911B4D9998007ADDC7 /* Frameworks */,
				CFE1AF921B4D9998007ADDC7 /* Resources */,
			);
			buildRules = (
			);
			dependencies = (
			);
			name = YouTubeAPI;
			productName = YouTubeAPI;
			productReference = CFE1AF941B4D9998007ADDC7 /* YouTubeAPI.app */;
			productType = "com.apple.product-type.application";
		};
		CFE1AFAC1B4D9999007ADDC7 /* YouTubeAPITests */ = {
			isa = PBXNativeTarget;
			buildConfigurationList = CFE1AFBA1B4D9999007ADDC7 /* Build configuration list for PBXNativeTarget "YouTubeAPITests" */;
			buildPhases = (
				CFE1AFA91B4D9999007ADDC7 /* Sources */,
				CFE1AFAA1B4D9999007ADDC7 /* Frameworks */,
				CFE1AFAB1B4D9999007ADDC7 /* Resources */,
			);
			buildRules = (
			);
			dependencies = (
				CFE1AFAF1B4D9999007ADDC7 /* PBXTargetDependency */,
			);
			name = YouTubeAPITests;
			productName = YouTubeAPITests;
			productReference = CFE1AFAD1B4D9999007ADDC7 /* YouTubeAPITests.xctest */;
			productType = "com.apple.product-type.bundle.unit-test";
		};
/* End PBXNativeTarget section */

/* Begin PBXProject section */
		CFE1AF8C1B4D9998007ADDC7 /* Project object */ = {
			isa = PBXProject;
			attributes = {
				LastUpgradeCheck = 0630;
				ORGANIZATIONNAME = Dalton;
				TargetAttributes = {
					CFE1AF931B4D9998007ADDC7 = {
						CreatedOnToolsVersion = 6.3;
					};
					CFE1AFAC1B4D9999007ADDC7 = {
						CreatedOnToolsVersion = 6.3;
						TestTargetID = CFE1AF931B4D9998007ADDC7;
					};
				};
			};
			buildConfigurationList = CFE1AF8F1B4D9998007ADDC7 /* Build configuration list for PBXProject "YouTubeAPI" */;
			compatibilityVersion = "Xcode 3.2";
			developmentRegion = English;
			hasScannedForEncodings = 0;
			knownRegions = (
				en,
				Base,
			);
			mainGroup = CFE1AF8B1B4D9998007ADDC7;
			productRefGroup = CFE1AF951B4D9998007ADDC7 /* Products */;
			projectDirPath = "";
			projectRoot = "";
			targets = (
				CFE1AF931B4D9998007ADDC7 /* YouTubeAPI */,
				CFE1AFAC1B4D9999007ADDC7 /* YouTubeAPITests */,
			);
		};
/* End PBXProject section */

/* Begin PBXResourcesBuildPhase section */
		CFE1AF921B4D9998007ADDC7 /* Resources */ = {
			isa = PBXResourcesBuildPhase;
			buildActionMask = 2147483647;
			files = (
				CFE1AFA31B4D9998007ADDC7 /* Main.storyboard in Resources */,
				CFE1AFA81B4D9998007ADDC7 /* LaunchScreen.xib in Resources */,
				CFE1AFA51B4D9998007ADDC7 /* Images.xcassets in Resources */,
			);
			runOnlyForDeploymentPostprocessing = 0;
		};
		CFE1AFAB1B4D9999007ADDC7 /* Resources */ = {
			isa = PBXResourcesBuildPhase;
			buildActionMask = 2147483647;
			files = (
			);
			runOnlyForDeploymentPostprocessing = 0;
		};
/* End PBXResourcesBuildPhase section */

/* Begin PBXSourcesBuildPhase section */
		CFE1AF901B4D9998007ADDC7 /* Sources */ = {
			isa = PBXSourcesBuildPhase;
			buildActionMask = 2147483647;
			files = (
				CFE1AFA01B4D9998007ADDC7 /* ViewController.m in Sources */,
				CFE1AF9D1B4D9998007ADDC7 /* AppDelegate.m in Sources */,
				CFE1AF9A1B4D9998007ADDC7 /* main.m in Sources */,
			);
			runOnlyForDeploymentPostprocessing = 0;
		};
		CFE1AFA91B4D9999007ADDC7 /* Sources */ = {
			isa = PBXSourcesBuildPhase;
			buildActionMask = 2147483647;
			files = (
				CFE1AFB41B4D9999007ADDC7 /* YouTubeAPITests.m in Sources */,
			);
			runOnlyForDeploymentPostprocessing = 0;
		};
/* End PBXSourcesBuildPhase section */

/* Begin PBXTargetDependency section */
		CFE1AFAF1B4D9999007ADDC7 /* PBXTargetDependency */ = {
			isa = PBXTargetDependency;
			target = CFE1AF931B4D9998007ADDC7 /* YouTubeAPI */;
			targetProxy = CFE1AFAE1B4D9999007ADDC7 /* PBXContainerItemProxy */;
		};
/* End PBXTargetDependency section */

/* Begin PBXVariantGroup section */
		CFE1AFA11B4D9998007ADDC7 /* Main.storyboard */ = {
			isa = PBXVariantGroup;
			children = (
				CFE1AFA21B4D9998007ADDC7 /* Base */,
			);
			name = Main.storyboard;
			sourceTree = "<group>";
		};
		CFE1AFA61B4D9998007ADDC7 /* LaunchScreen.xib */ = {
			isa = PBXVariantGroup;
			children = (
				CFE1AFA71B4D9998007ADDC7 /* Base */,
			);
			name = LaunchScreen.xib;
			sourceTree = "<group>";
		};
/* End PBXVariantGroup section */

/* Begin XCBuildConfiguration section */
		CFE1AFB51B4D9999007ADDC7 /* Debug */ = {
			isa = XCBuildConfiguration;
			buildSettings = {
				ALWAYS_SEARCH_USER_PATHS = NO;
				CLANG_CXX_LANGUAGE_STANDARD = "gnu++0x";
				CLANG_CXX_LIBRARY = "libc++";
				CLANG_ENABLE_MODULES = YES;
				CLANG_ENABLE_OBJC_ARC = YES;
				CLANG_WARN_BOOL_CONVERSION = YES;
				CLANG_WARN_CONSTANT_CONVERSION = YES;
				CLANG_WARN_DIRECT_OBJC_ISA_USAGE = YES_ERROR;
				CLANG_WARN_EMPTY_BODY = YES;
				CLANG_WARN_ENUM_CONVERSION = YES;
				CLANG_WARN_INT_CONVERSION = YES;
				CLANG_WARN_OBJC_ROOT_CLASS = YES_ERROR;
				CLANG_WARN_UNREACHABLE_CODE = YES;
				CLANG_WARN__DUPLICATE_METHOD_MATCH = YES;
				"CODE_SIGN_IDENTITY[sdk=iphoneos*]" = "iPhone Developer";
				COPY_PHASE_STRIP = NO;
				DEBUG_INFORMATION_FORMAT = "dwarf-with-dsym";
				ENABLE_STRICT_OBJC_MSGSEND = YES;
				GCC_C_LANGUAGE_STANDARD = gnu99;
				GCC_DYNAMIC_NO_PIC = NO;
				GCC_NO_COMMON_BLOCKS = YES;
				GCC_OPTIMIZATION_LEVEL = 0;
				GCC_PREPROCESSOR_DEFINITIONS = (
					"DEBUG=1",
					"$(inherited)",
				);
				GCC_SYMBOLS_PRIVATE_EXTERN = NO;
				GCC_WARN_64_TO_32_BIT_CONVERSION = YES;
				GCC_WARN_ABOUT_RETURN_TYPE = YES_ERROR;
				GCC_WARN_UNDECLARED_SELECTOR = YES;
				GCC_WARN_UNINITIALIZED_AUTOS = YES_AGGRESSIVE;
				GCC_WARN_UNUSED_FUNCTION = YES;
				GCC_WARN_UNUSED_VARIABLE = YES;
				IPHONEOS_DEPLOYMENT_TARGET = 8.3;
				MTL_ENABLE_DEBUG_INFO = YES;
				ONLY_ACTIVE_ARCH = YES;
				SDKROOT = iphoneos;
			};
			name = Debug;
		};
		CFE1AFB61B4D9999007ADDC7 /* Release */ = {
			isa = XCBuildConfiguration;
			buildSettings = {
				ALWAYS_SEARCH_USER_PATHS = NO;
				CLANG_CXX_LANGUAGE_STANDARD = "gnu++0x";
				CLANG_CXX_LIBRARY = "libc++";
				CLANG_ENABLE_MODULES = YES;
				CLANG_ENABLE_OBJC_ARC = YES;
				CLANG_WARN_BOOL_CONVERSION = YES;
				CLANG_WARN_CONSTANT_CONVERSION = YES;
				CLANG_WARN_DIRECT_OBJC_ISA_USAGE = YES_ERROR;
				CLANG_WARN_EMPTY_BODY = YES;
				CLANG_WARN_ENUM_CONVERSION = YES;
				CLANG_WARN_INT_CONVERSION = YES;
				CLANG_WARN_OBJC_ROOT_CLASS = YES_ERROR;
				CLANG_WARN_UNREACHABLE_CODE = YES;
				CLANG_WARN__DUPLICATE_METHOD_MATCH = YES;
				"CODE_SIGN_IDENTITY[sdk=iphoneos*]" = "iPhone Developer";
				COPY_PHASE_STRIP = NO;
				DEBUG_INFORMATION_FORMAT = "dwarf-with-dsym";
				ENABLE_NS_ASSERTIONS = NO;
				ENABLE_STRICT_OBJC_MSGSEND = YES;
				GCC_C_LANGUAGE_STANDARD = gnu99;
				GCC_NO_COMMON_BLOCKS = YES;
				GCC_WARN_64_TO_32_BIT_CONVERSION = YES;
				GCC_WARN_ABOUT_RETURN_TYPE = YES_ERROR;
				GCC_WARN_UNDECLARED_SELECTOR = YES;
				GCC_WARN_UNINITIALIZED_AUTOS = YES_AGGRESSIVE;
				GCC_WARN_UNUSED_FUNCTION = YES;
				GCC_WARN_UNUSED_VARIABLE = YES;
				IPHONEOS_DEPLOYMENT_TARGET = 8.3;
				MTL_ENABLE_DEBUG_INFO = NO;
				SDKROOT = iphoneos;
				VALIDATE_PRODUCT = YES;
			};
			name = Release;
		};
		CFE1AFB81B4D9999007ADDC7 /* Debug */ = {
			isa = XCBuildConfiguration;
			buildSettings = {
				ASSETCATALOG_COMPILER_APPICON_NAME = AppIcon;
				INFOPLIST_FILE = YouTubeAPI/Info.plist;
				LD_RUNPATH_SEARCH_PATHS = "$(inherited) @executable_path/Frameworks";
				PRODUCT_NAME = "$(TARGET_NAME)";
			};
			name = Debug;
		};
		CFE1AFB91B4D9999007ADDC7 /* Release */ = {
			isa = XCBuildConfiguration;
			buildSettings = {
				ASSETCATALOG_COMPILER_APPICON_NAME = AppIcon;
				INFOPLIST_FILE = YouTubeAPI/Info.plist;
				LD_RUNPATH_SEARCH_PATHS = "$(inherited) @executable_path/Frameworks";
				PRODUCT_NAME = "$(TARGET_NAME)";
			};
			name = Release;
		};
		CFE1AFBB1B4D9999007ADDC7 /* Debug */ = {
			isa = XCBuildConfiguration;
			buildSettings = {
				BUNDLE_LOADER = "$(TEST_HOST)";
				FRAMEWORK_SEARCH_PATHS = (
					"$(SDKROOT)/Developer/Library/Frameworks",
					"$(inherited)",
				);
				GCC_PREPROCESSOR_DEFINITIONS = (
					"DEBUG=1",
					"$(inherited)",
				);
				INFOPLIST_FILE = YouTubeAPITests/Info.plist;
				LD_RUNPATH_SEARCH_PATHS = "$(inherited) @executable_path/Frameworks @loader_path/Frameworks";
				PRODUCT_NAME = "$(TARGET_NAME)";
				TEST_HOST = "$(BUILT_PRODUCTS_DIR)/YouTubeAPI.app/YouTubeAPI";
			};
			name = Debug;
		};
		CFE1AFBC1B4D9999007ADDC7 /* Release */ = {
			isa = XCBuildConfiguration;
			buildSettings = {
				BUNDLE_LOADER = "$(TEST_HOST)";
				FRAMEWORK_SEARCH_PATHS = (
					"$(SDKROOT)/Developer/Library/Frameworks",
					"$(inherited)",
				);
				INFOPLIST_FILE = YouTubeAPITests/Info.plist;
				LD_RUNPATH_SEARCH_PATHS = "$(inherited) @executable_path/Frameworks @loader_path/Frameworks";
				PRODUCT_NAME = "$(TARGET_NAME)";
				TEST_HOST = "$(BUILT_PRODUCTS_DIR)/YouTubeAPI.app/YouTubeAPI";
			};
			name = Release;
		};
/* End XCBuildConfiguration section */

/* Begin XCConfigurationList section */
		CFE1AF8F1B4D9998007ADDC7 /* Build configuration list for PBXProject "YouTubeAPI" */ = {
			isa = XCConfigurationList;
			buildConfigurations = (
				CFE1AFB51B4D9999007ADDC7 /* Debug */,
				CFE1AFB61B4D9999007ADDC7 /* Release */,
			);
			defaultConfigurationIsVisible = 0;
			defaultConfigurationName = Release;
		};
		CFE1AFB71B4D9999007ADDC7 /* Build configuration list for PBXNativeTarget "YouTubeAPI" */ = {
			isa = XCConfigurationList;
			buildConfigurations = (
				CFE1AFB81B4D9999007ADDC7 /* Debug */,
				CFE1AFB91B4D9999007ADDC7 /* Release */,
			);
			defaultConfigurationIsVisible = 0;
		};
		CFE1AFBA1B4D9999007ADDC7 /* Build configuration list for PBXNativeTarget "YouTubeAPITests" */ = {
			isa = XCConfigurationList;
			buildConfigurations = (
				CFE1AFBB1B4D9999007ADDC7 /* Debug */,
				CFE1AFBC1B4D9999007ADDC7 /* Release */,
			);
			defaultConfigurationIsVisible = 0;
		};
/* End XCConfigurationList section */
	};
	rootObject = CFE1AF8C1B4D9998007ADDC7 /* Project object */;
}
